
Microsoft Visual Studio Solution File, Format Version 12.00
# Visual Studio Version 17
VisualStudioVersion = 17.8.34330.188
MinimumVisualStudioVersion = 10.0.40219.1
Project("{9A19103F-16F7-4668-BE54-9A1E7A4F7556}") = "HalloDocWeb", "HalloDocWeb\HalloDocWeb.csproj", "{9460538A-034D-4C42-8288-FA2729DE1B32}"
EndProject
Project("{9A19103F-16F7-4668-BE54-9A1E7A4F7556}") = "HalloDoc.Models", "Models\HalloDoc.Models.csproj", "{3B289C14-0DAD-4692-80AE-578A26320E4D}"
EndProject
Project("{9A19103F-16F7-4668-BE54-9A1E7A4F7556}") = "HalloDoc.Repository", "HalloDoc.Repository\HalloDoc.Repository.csproj", "{737CF626-1F1B-422B-860F-3F43F571E725}"
EndProject
Global
	GlobalSection(SolutionConfigurationPlatforms) = preSolution
		Debug|Any CPU = Debug|Any CPU
		Release|Any CPU = Release|Any CPU
	EndGlobalSection
	GlobalSection(ProjectConfigurationPlatforms) = postSolution
		{9460538A-034D-4C42-8288-FA2729DE1B32}.Debug|Any CPU.ActiveCfg = Debug|Any CPU
		{9460538A-034D-4C42-8288-FA2729DE1B32}.Debug|Any CPU.Build.0 = Debug|Any CPU
		{9460538A-034D-4C42-8288-FA2729DE1B32}.Release|Any CPU.ActiveCfg = Release|Any CPU
		{9460538A-034D-4C42-8288-FA2729DE1B32}.Release|Any CPU.Build.0 = Release|Any CPU
		{3B289C14-0DAD-4692-80AE-578A26320E4D}.Debug|Any CPU.ActiveCfg = Debug|Any CPU
		{3B289C14-0DAD-4692-80AE-578A26320E4D}.Debug|Any CPU.Build.0 = Debug|Any CPU
		{3B289C14-0DAD-4692-80AE-578A26320E4D}.Release|Any CPU.ActiveCfg = Release|Any CPU
		{3B289C14-0DAD-4692-80AE-578A26320E4D}.Release|Any CPU.Build.0 = Release|Any CPU
		{737CF626-1F1B-422B-860F-3F43F571E725}.Debug|Any CPU.ActiveCfg = Debug|Any CPU
		{737CF626-1F1B-422B-860F-3F43F571E725}.Debug|Any CPU.Build.0 = Debug|Any CPU
		{737CF626-1F1B-422B-860F-3F43F571E725}.Release|Any CPU.ActiveCfg = Release|Any CPU
		{737CF626-1F1B-422B-860F-3F43F571E725}.Release|Any CPU.Build.0 = Release|Any CPU
	EndGlobalSection
	GlobalSection(SolutionProperties) = preSolution
		HideSolutionNode = FALSE
	EndGlobalSection
	GlobalSection(ExtensibilityGlobals) = postSolution
		SolutionGuid = {3CBD1FF6-8090-4080-9079-923D7B3B488F}
	EndGlobalSection
EndGlobal
